// !$*UTF8*$!
{
	archiveVersion = 1;
	classes = {
	};
	objectVersion = 51;
	objects = {

/* Begin PBXBuildFile section */
		F31F5F6DB0DE7BFF4041EB23 /* Pods_memo.framework in Frameworks */ = {isa = PBXBuildFile; fileRef = F0EDA6A1965BC73818298B42 /* Pods_memo.framework */; };
		F79907B926FC0FC0006207E4 /* AppDelegate.swift in Sources */ = {isa = PBXBuildFile; fileRef = F79907B826FC0FC0006207E4 /* AppDelegate.swift */; };
		F79907BB26FC0FC0006207E4 /* SceneDelegate.swift in Sources */ = {isa = PBXBuildFile; fileRef = F79907BA26FC0FC0006207E4 /* SceneDelegate.swift */; };
		F79907C026FC0FC0006207E4 /* Main.storyboard in Resources */ = {isa = PBXBuildFile; fileRef = F79907BE26FC0FC0006207E4 /* Main.storyboard */; };
		F79907C226FC0FC1006207E4 /* Assets.xcassets in Resources */ = {isa = PBXBuildFile; fileRef = F79907C126FC0FC1006207E4 /* Assets.xcassets */; };
		F79907C526FC0FC1006207E4 /* LaunchScreen.storyboard in Resources */ = {isa = PBXBuildFile; fileRef = F79907C326FC0FC1006207E4 /* LaunchScreen.storyboard */; };
		F7B0184826FD5787000A64EC /* Memo.swift in Sources */ = {isa = PBXBuildFile; fileRef = F7B0184726FD5787000A64EC /* Memo.swift */; };
		F7B0184A26FD5929000A64EC /* MemoStorageType.swift in Sources */ = {isa = PBXBuildFile; fileRef = F7B0184926FD5929000A64EC /* MemoStorageType.swift */; };
		F7B0184F26FD5AC7000A64EC /* RxMemo.xcdatamodeld in Sources */ = {isa = PBXBuildFile; fileRef = F7B0184D26FD5AC7000A64EC /* RxMemo.xcdatamodeld */; };
		F7B0185126FD5B87000A64EC /* MemoryStorage.swift in Sources */ = {isa = PBXBuildFile; fileRef = F7B0185026FD5B87000A64EC /* MemoryStorage.swift */; };
/* End PBXBuildFile section */

/* Begin PBXFileReference section */
		C15FF5229BF2139E640CC7AA /* Pods-memo.debug.xcconfig */ = {isa = PBXFileReference; includeInIndex = 1; lastKnownFileType = text.xcconfig; name = "Pods-memo.debug.xcconfig"; path = "Target Support Files/Pods-memo/Pods-memo.debug.xcconfig"; sourceTree = "<group>"; };
		EB27F2CA194C4DBC8194B90C /* Pods-memo.release.xcconfig */ = {isa = PBXFileReference; includeInIndex = 1; lastKnownFileType = text.xcconfig; name = "Pods-memo.release.xcconfig"; path = "Target Support Files/Pods-memo/Pods-memo.release.xcconfig"; sourceTree = "<group>"; };
		F0EDA6A1965BC73818298B42 /* Pods_memo.framework */ = {isa = PBXFileReference; explicitFileType = wrapper.framework; includeInIndex = 0; path = Pods_memo.framework; sourceTree = BUILT_PRODUCTS_DIR; };
		F79907B526FC0FC0006207E4 /* memo.app */ = {isa = PBXFileReference; explicitFileType = wrapper.application; includeInIndex = 0; path = memo.app; sourceTree = BUILT_PRODUCTS_DIR; };
		F79907B826FC0FC0006207E4 /* AppDelegate.swift */ = {isa = PBXFileReference; lastKnownFileType = sourcecode.swift; path = AppDelegate.swift; sourceTree = "<group>"; };
		F79907BA26FC0FC0006207E4 /* SceneDelegate.swift */ = {isa = PBXFileReference; lastKnownFileType = sourcecode.swift; path = SceneDelegate.swift; sourceTree = "<group>"; };
		F79907BF26FC0FC0006207E4 /* Base */ = {isa = PBXFileReference; lastKnownFileType = file.storyboard; name = Base; path = Base.lproj/Main.storyboard; sourceTree = "<group>"; };
		F79907C126FC0FC1006207E4 /* Assets.xcassets */ = {isa = PBXFileReference; lastKnownFileType = folder.assetcatalog; path = Assets.xcassets; sourceTree = "<group>"; };
		F79907C426FC0FC1006207E4 /* Base */ = {isa = PBXFileReference; lastKnownFileType = file.storyboard; name = Base; path = Base.lproj/LaunchScreen.storyboard; sourceTree = "<group>"; };
		F79907C626FC0FC1006207E4 /* Info.plist */ = {isa = PBXFileReference; lastKnownFileType = text.plist.xml; path = Info.plist; sourceTree = "<group>"; };
		F7B0184726FD5787000A64EC /* Memo.swift */ = {isa = PBXFileReference; lastKnownFileType = sourcecode.swift; path = Memo.swift; sourceTree = "<group>"; };
		F7B0184926FD5929000A64EC /* MemoStorageType.swift */ = {isa = PBXFileReference; lastKnownFileType = sourcecode.swift; path = MemoStorageType.swift; sourceTree = "<group>"; };
		F7B0184E26FD5AC7000A64EC /* RxMemo.xcdatamodel */ = {isa = PBXFileReference; lastKnownFileType = wrapper.xcdatamodel; path = RxMemo.xcdatamodel; sourceTree = "<group>"; };
		F7B0185026FD5B87000A64EC /* MemoryStorage.swift */ = {isa = PBXFileReference; lastKnownFileType = sourcecode.swift; path = MemoryStorage.swift; sourceTree = "<group>"; };
/* End PBXFileReference section */

/* Begin PBXFrameworksBuildPhase section */
		F79907B226FC0FC0006207E4 /* Frameworks */ = {
			isa = PBXFrameworksBuildPhase;
			buildActionMask = 2147483647;
			files = (
				F31F5F6DB0DE7BFF4041EB23 /* Pods_memo.framework in Frameworks */,
			);
			runOnlyForDeploymentPostprocessing = 0;
		};
/* End PBXFrameworksBuildPhase section */

/* Begin PBXGroup section */
		0E5EFCB6905F46B0D4263E65 /* Frameworks */ = {
			isa = PBXGroup;
			children = (
				F0EDA6A1965BC73818298B42 /* Pods_memo.framework */,
			);
			name = Frameworks;
			sourceTree = "<group>";
		};
		F79907AC26FC0FC0006207E4 = {
			isa = PBXGroup;
			children = (
				F79907B726FC0FC0006207E4 /* memo */,
				F79907B626FC0FC0006207E4 /* Products */,
				FE4135C79C0005F11B91D659 /* Pods */,
				0E5EFCB6905F46B0D4263E65 /* Frameworks */,
			);
			sourceTree = "<group>";
		};
		F79907B626FC0FC0006207E4 /* Products */ = {
			isa = PBXGroup;
			children = (
				F79907B526FC0FC0006207E4 /* memo.app */,
			);
			name = Products;
			sourceTree = "<group>";
		};
		F79907B726FC0FC0006207E4 /* memo */ = {
			isa = PBXGroup;
			children = (
				F79907D026FC55F9006207E4 /* Scene */,
				F79907CF26FC55E9006207E4 /* Service */,
				F79907CE26FC55CF006207E4 /* Model */,
				F79907CD26FC55C9006207E4 /* ViewController */,
				F79907CC26FC55B8006207E4 /* ViewModel */,
				F79907B826FC0FC0006207E4 /* AppDelegate.swift */,
				F79907BA26FC0FC0006207E4 /* SceneDelegate.swift */,
				F79907C126FC0FC1006207E4 /* Assets.xcassets */,
				F79907C626FC0FC1006207E4 /* Info.plist */,
			);
			path = memo;
			sourceTree = "<group>";
		};
		F79907CC26FC55B8006207E4 /* ViewModel */ = {
			isa = PBXGroup;
			children = (
			);
			path = ViewModel;
			sourceTree = "<group>";
		};
		F79907CD26FC55C9006207E4 /* ViewController */ = {
			isa = PBXGroup;
			children = (
				F79907BE26FC0FC0006207E4 /* Main.storyboard */,
				F79907C326FC0FC1006207E4 /* LaunchScreen.storyboard */,
			);
			path = ViewController;
			sourceTree = "<group>";
		};
		F79907CE26FC55CF006207E4 /* Model */ = {
			isa = PBXGroup;
			children = (
				F7B0184726FD5787000A64EC /* Memo.swift */,
			);
			path = Model;
			sourceTree = "<group>";
		};
		F79907CF26FC55E9006207E4 /* Service */ = {
			isa = PBXGroup;
			children = (
				F7B0184C26FD5A09000A64EC /* CoreDataStorage */,
				F7B0184B26FD59F7000A64EC /* MemoryStorage */,
				F7B0184926FD5929000A64EC /* MemoStorageType.swift */,
			);
			path = Service;
			sourceTree = "<group>";
		};
		F79907D026FC55F9006207E4 /* Scene */ = {
			isa = PBXGroup;
			children = (
			);
			path = Scene;
			sourceTree = "<group>";
		};
		F7B0184B26FD59F7000A64EC /* MemoryStorage */ = {
			isa = PBXGroup;
			children = (
				F7B0185026FD5B87000A64EC /* MemoryStorage.swift */,
			);
			path = MemoryStorage;
			sourceTree = "<group>";
		};
		F7B0184C26FD5A09000A64EC /* CoreDataStorage */ = {
			isa = PBXGroup;
			children = (
				F7B0184D26FD5AC7000A64EC /* RxMemo.xcdatamodeld */,
			);
			path = CoreDataStorage;
			sourceTree = "<group>";
		};
		FE4135C79C0005F11B91D659 /* Pods */ = {
			isa = PBXGroup;
			children = (
				C15FF5229BF2139E640CC7AA /* Pods-memo.debug.xcconfig */,
				EB27F2CA194C4DBC8194B90C /* Pods-memo.release.xcconfig */,
			);
			path = Pods;
			sourceTree = "<group>";
		};
/* End PBXGroup section */

/* Begin PBXNativeTarget section */
		F79907B426FC0FC0006207E4 /* memo */ = {
			isa = PBXNativeTarget;
			buildConfigurationList = F79907C926FC0FC1006207E4 /* Build configuration list for PBXNativeTarget "memo" */;
			buildPhases = (
				51B4197CF71829091FEB2AC7 /* [CP] Check Pods Manifest.lock */,
				F79907B126FC0FC0006207E4 /* Sources */,
				F79907B226FC0FC0006207E4 /* Frameworks */,
				F79907B326FC0FC0006207E4 /* Resources */,
				58964796A34D7C40C8C91D6A /* [CP] Embed Pods Frameworks */,
			);
			buildRules = (
			);
			dependencies = (
			);
			name = memo;
			productName = memo;
			productReference = F79907B526FC0FC0006207E4 /* memo.app */;
			productType = "com.apple.product-type.application";
		};
/* End PBXNativeTarget section */

/* Begin PBXProject section */
		F79907AD26FC0FC0006207E4 /* Project object */ = {
			isa = PBXProject;
			attributes = {
				LastSwiftUpdateCheck = 1250;
				LastUpgradeCheck = 1250;
				TargetAttributes = {
					F79907B426FC0FC0006207E4 = {
						CreatedOnToolsVersion = 12.5.1;
					};
				};
			};
			buildConfigurationList = F79907B026FC0FC0006207E4 /* Build configuration list for PBXProject "memo" */;
			compatibilityVersion = "Xcode 9.3";
			developmentRegion = en;
			hasScannedForEncodings = 0;
			knownRegions = (
				en,
				Base,
			);
			mainGroup = F79907AC26FC0FC0006207E4;
			productRefGroup = F79907B626FC0FC0006207E4 /* Products */;
			projectDirPath = "";
			projectRoot = "";
			targets = (
				F79907B426FC0FC0006207E4 /* memo */,
			);
		};
/* End PBXProject section */

/* Begin PBXResourcesBuildPhase section */
		F79907B326FC0FC0006207E4 /* Resources */ = {
			isa = PBXResourcesBuildPhase;
			buildActionMask = 2147483647;
			files = (
				F79907C526FC0FC1006207E4 /* LaunchScreen.storyboard in Resources */,
				F79907C226FC0FC1006207E4 /* Assets.xcassets in Resources */,
				F79907C026FC0FC0006207E4 /* Main.storyboard in Resources */,
			);
			runOnlyForDeploymentPostprocessing = 0;
		};
/* End PBXResourcesBuildPhase section */

/* Begin PBXShellScriptBuildPhase section */
		51B4197CF71829091FEB2AC7 /* [CP] Check Pods Manifest.lock */ = {
			isa = PBXShellScriptBuildPhase;
			buildActionMask = 2147483647;
			files = (
			);
			inputFileListPaths = (
			);
			inputPaths = (
				"${PODS_PODFILE_DIR_PATH}/Podfile.lock",
				"${PODS_ROOT}/Manifest.lock",
			);
			name = "[CP] Check Pods Manifest.lock";
			outputFileListPaths = (
			);
			outputPaths = (
				"$(DERIVED_FILE_DIR)/Pods-memo-checkManifestLockResult.txt",
			);
			runOnlyForDeploymentPostprocessing = 0;
			shellPath = /bin/sh;
			shellScript = "diff \"${PODS_PODFILE_DIR_PATH}/Podfile.lock\" \"${PODS_ROOT}/Manifest.lock\" > /dev/null\nif [ $? != 0 ] ; then\n    # print error to STDERR\n    echo \"error: The sandbox is not in sync with the Podfile.lock. Run 'pod install' or update your CocoaPods installation.\" >&2\n    exit 1\nfi\n# This output is used by Xcode 'outputs' to avoid re-running this script phase.\necho \"SUCCESS\" > \"${SCRIPT_OUTPUT_FILE_0}\"\n";
			showEnvVarsInLog = 0;
		};
		58964796A34D7C40C8C91D6A /* [CP] Embed Pods Frameworks */ = {
			isa = PBXShellScriptBuildPhase;
			buildActionMask = 2147483647;
			files = (
			);
			inputFileListPaths = (
				"${PODS_ROOT}/Target Support Files/Pods-memo/Pods-memo-frameworks-${CONFIGURATION}-input-files.xcfilelist",
			);
			name = "[CP] Embed Pods Frameworks";
			outputFileListPaths = (
				"${PODS_ROOT}/Target Support Files/Pods-memo/Pods-memo-frameworks-${CONFIGURATION}-output-files.xcfilelist",
			);
			runOnlyForDeploymentPostprocessing = 0;
			shellPath = /bin/sh;
			shellScript = "\"${PODS_ROOT}/Target Support Files/Pods-memo/Pods-memo-frameworks.sh\"\n";
			showEnvVarsInLog = 0;
		};
/* End PBXShellScriptBuildPhase section */

/* Begin PBXSourcesBuildPhase section */
		F79907B126FC0FC0006207E4 /* Sources */ = {
			isa = PBXSourcesBuildPhase;
			buildActionMask = 2147483647;
			files = (
				F7B0185126FD5B87000A64EC /* MemoryStorage.swift in Sources */,
				F7B0184F26FD5AC7000A64EC /* RxMemo.xcdatamodeld in Sources */,
				F7B0184826FD5787000A64EC /* Memo.swift in Sources */,
				F7B0184A26FD5929000A64EC /* MemoStorageType.swift in Sources */,
				F79907B926FC0FC0006207E4 /* AppDelegate.swift in Sources */,
				F79907BB26FC0FC0006207E4 /* SceneDelegate.swift in Sources */,
			);
			runOnlyForDeploymentPostprocessing = 0;
		};
/* End PBXSourcesBuildPhase section */

/* Begin PBXVariantGroup section */
		F79907BE26FC0FC0006207E4 /* Main.storyboard */ = {
			isa = PBXVariantGroup;
			children = (
				F79907BF26FC0FC0006207E4 /* Base */,
			);
			name = Main.storyboard;
			sourceTree = "<group>";
		};
		F79907C326FC0FC1006207E4 /* LaunchScreen.storyboard */ = {
			isa = PBXVariantGroup;
			children = (
				F79907C426FC0FC1006207E4 /* Base */,
			);
			name = LaunchScreen.storyboard;
			sourceTree = "<group>";
		};
/* End PBXVariantGroup section */

/* Begin XCBuildConfiguration section */
		F79907C726FC0FC1006207E4 /* Debug */ = {
			isa = XCBuildConfiguration;
			buildSettings = {
				ALWAYS_SEARCH_USER_PATHS = NO;
				CLANG_ANALYZER_NONNULL = YES;
				CLANG_ANALYZER_NUMBER_OBJECT_CONVERSION = YES_AGGRESSIVE;
				CLANG_CXX_LANGUAGE_STANDARD = "gnu++14";
				CLANG_CXX_LIBRARY = "libc++";
				CLANG_ENABLE_MODULES = YES;
				CLANG_ENABLE_OBJC_ARC = YES;
				CLANG_ENABLE_OBJC_WEAK = YES;
				CLANG_WARN_BLOCK_CAPTURE_AUTORELEASING = YES;
				CLANG_WARN_BOOL_CONVERSION = YES;
				CLANG_WARN_COMMA = YES;
				CLANG_WARN_CONSTANT_CONVERSION = YES;
				CLANG_WARN_DEPRECATED_OBJC_IMPLEMENTATIONS = YES;
				CLANG_WARN_DIRECT_OBJC_ISA_USAGE = YES_ERROR;
				CLANG_WARN_DOCUMENTATION_COMMENTS = YES;
				CLANG_WARN_EMPTY_BODY = YES;
				CLANG_WARN_ENUM_CONVERSION = YES;
				CLANG_WARN_INFINITE_RECURSION = YES;
				CLANG_WARN_INT_CONVERSION = YES;
				CLANG_WARN_NON_LITERAL_NULL_CONVERSION = YES;
				CLANG_WARN_OBJC_IMPLICIT_RETAIN_SELF = YES;
				CLANG_WARN_OBJC_LITERAL_CONVERSION = YES;
				CLANG_WARN_OBJC_ROOT_CLASS = YES_ERROR;
				CLANG_WARN_QUOTED_INCLUDE_IN_FRAMEWORK_HEADER = YES;
				CLANG_WARN_RANGE_LOOP_ANALYSIS = YES;
				CLANG_WARN_STRICT_PROTOTYPES = YES;
				CLANG_WARN_SUSPICIOUS_MOVE = YES;
				CLANG_WARN_UNGUARDED_AVAILABILITY = YES_AGGRESSIVE;
				CLANG_WARN_UNREACHABLE_CODE = YES;
				CLANG_WARN__DUPLICATE_METHOD_MATCH = YES;
				COPY_PHASE_STRIP = NO;
				DEBUG_INFORMATION_FORMAT = dwarf;
				ENABLE_STRICT_OBJC_MSGSEND = YES;
				ENABLE_TESTABILITY = YES;
				GCC_C_LANGUAGE_STANDARD = gnu11;
				GCC_DYNAMIC_NO_PIC = NO;
				GCC_NO_COMMON_BLOCKS = YES;
				GCC_OPTIMIZATION_LEVEL = 0;
				GCC_PREPROCESSOR_DEFINITIONS = (
					"DEBUG=1",
					"$(inherited)",
				);
				GCC_WARN_64_TO_32_BIT_CONVERSION = YES;
				GCC_WARN_ABOUT_RETURN_TYPE = YES_ERROR;
				GCC_WARN_UNDECLARED_SELECTOR = YES;
				GCC_WARN_UNINITIALIZED_AUTOS = YES_AGGRESSIVE;
				GCC_WARN_UNUSED_FUNCTION = YES;
				GCC_WARN_UNUSED_VARIABLE = YES;
				IPHONEOS_DEPLOYMENT_TARGET = 10.0;
				MTL_ENABLE_DEBUG_INFO = INCLUDE_SOURCE;
				MTL_FAST_MATH = YES;
				ONLY_ACTIVE_ARCH = YES;
				SDKROOT = iphoneos;
				SWIFT_ACTIVE_COMPILATION_CONDITIONS = DEBUG;
				SWIFT_OPTIMIZATION_LEVEL = "-Onone";
			};
			name = Debug;
		};
		F79907C826FC0FC1006207E4 /* Release */ = {
			isa = XCBuildConfiguration;
			buildSettings = {
				ALWAYS_SEARCH_USER_PATHS = NO;
				CLANG_ANALYZER_NONNULL = YES;
				CLANG_ANALYZER_NUMBER_OBJECT_CONVERSION = YES_AGGRESSIVE;
				CLANG_CXX_LANGUAGE_STANDARD = "gnu++14";
				CLANG_CXX_LIBRARY = "libc++";
				CLANG_ENABLE_MODULES = YES;
				CLANG_ENABLE_OBJC_ARC = YES;
				CLANG_ENABLE_OBJC_WEAK = YES;
				CLANG_WARN_BLOCK_CAPTURE_AUTORELEASING = YES;
				CLANG_WARN_BOOL_CONVERSION = YES;
				CLANG_WARN_COMMA = YES;
				CLANG_WARN_CONSTANT_CONVERSION = YES;
				CLANG_WARN_DEPRECATED_OBJC_IMPLEMENTATIONS = YES;
				CLANG_WARN_DIRECT_OBJC_ISA_USAGE = YES_ERROR;
				CLANG_WARN_DOCUMENTATION_COMMENTS = YES;
				CLANG_WARN_EMPTY_BODY = YES;
				CLANG_WARN_ENUM_CONVERSION = YES;
				CLANG_WARN_INFINITE_RECURSION = YES;
				CLANG_WARN_INT_CONVERSION = YES;
				CLANG_WARN_NON_LITERAL_NULL_CONVERSION = YES;
				CLANG_WARN_OBJC_IMPLICIT_RETAIN_SELF = YES;
				CLANG_WARN_OBJC_LITERAL_CONVERSION = YES;
				CLANG_WARN_OBJC_ROOT_CLASS = YES_ERROR;
				CLANG_WARN_QUOTED_INCLUDE_IN_FRAMEWORK_HEADER = YES;
				CLANG_WARN_RANGE_LOOP_ANALYSIS = YES;
				CLANG_WARN_STRICT_PROTOTYPES = YES;
				CLANG_WARN_SUSPICIOUS_MOVE = YES;
				CLANG_WARN_UNGUARDED_AVAILABILITY = YES_AGGRESSIVE;
				CLANG_WARN_UNREACHABLE_CODE = YES;
				CLANG_WARN__DUPLICATE_METHOD_MATCH = YES;
				COPY_PHASE_STRIP = NO;
				DEBUG_INFORMATION_FORMAT = "dwarf-with-dsym";
				ENABLE_NS_ASSERTIONS = NO;
				ENABLE_STRICT_OBJC_MSGSEND = YES;
				GCC_C_LANGUAGE_STANDARD = gnu11;
				GCC_NO_COMMON_BLOCKS = YES;
				GCC_WARN_64_TO_32_BIT_CONVERSION = YES;
				GCC_WARN_ABOUT_RETURN_TYPE = YES_ERROR;
				GCC_WARN_UNDECLARED_SELECTOR = YES;
				GCC_WARN_UNINITIALIZED_AUTOS = YES_AGGRESSIVE;
				GCC_WARN_UNUSED_FUNCTION = YES;
				GCC_WARN_UNUSED_VARIABLE = YES;
				IPHONEOS_DEPLOYMENT_TARGET = 10.0;
				MTL_ENABLE_DEBUG_INFO = NO;
				MTL_FAST_MATH = YES;
				SDKROOT = iphoneos;
				SWIFT_COMPILATION_MODE = wholemodule;
				SWIFT_OPTIMIZATION_LEVEL = "-O";
				VALIDATE_PRODUCT = YES;
			};
			name = Release;
		};
		F79907CA26FC0FC1006207E4 /* Debug */ = {
			isa = XCBuildConfiguration;
			baseConfigurationReference = C15FF5229BF2139E640CC7AA /* Pods-memo.debug.xcconfig */;
			buildSettings = {
				ASSETCATALOG_COMPILER_APPICON_NAME = AppIcon;
				ASSETCATALOG_COMPILER_GLOBAL_ACCENT_COLOR_NAME = AccentColor;
				CODE_SIGN_STYLE = Automatic;
				DEVELOPMENT_TEAM = 9QH6CVAEYP;
				INFOPLIST_FILE = memo/Info.plist;
				LD_RUNPATH_SEARCH_PATHS = (
					"$(inherited)",
					"@executable_path/Frameworks",
				);
				PRODUCT_BUNDLE_IDENTIFIER = test.memo;
				PRODUCT_NAME = "$(TARGET_NAME)";
				SWIFT_VERSION = 5.0;
				TARGETED_DEVICE_FAMILY = "1,2";
			};
			name = Debug;
		};
		F79907CB26FC0FC1006207E4 /* Release */ = {
			isa = XCBuildConfiguration;
			baseConfigurationReference = EB27F2CA194C4DBC8194B90C /* Pods-memo.release.xcconfig */;
			buildSettings = {
				ASSETCATALOG_COMPILER_APPICON_NAME = AppIcon;
				ASSETCATALOG_COMPILER_GLOBAL_ACCENT_COLOR_NAME = AccentColor;
				CODE_SIGN_STYLE = Automatic;
				DEVELOPMENT_TEAM = 9QH6CVAEYP;
				INFOPLIST_FILE = memo/Info.plist;
				LD_RUNPATH_SEARCH_PATHS = (
					"$(inherited)",
					"@executable_path/Frameworks",
				);
				PRODUCT_BUNDLE_IDENTIFIER = test.memo;
				PRODUCT_NAME = "$(TARGET_NAME)";
				SWIFT_VERSION = 5.0;
				TARGETED_DEVICE_FAMILY = "1,2";
			};
			name = Release;
		};
/* End XCBuildConfiguration section */

/* Begin XCConfigurationList section */
		F79907B026FC0FC0006207E4 /* Build configuration list for PBXProject "memo" */ = {
			isa = XCConfigurationList;
			buildConfigurations = (
				F79907C726FC0FC1006207E4 /* Debug */,
				F79907C826FC0FC1006207E4 /* Release */,
			);
			defaultConfigurationIsVisible = 0;
			defaultConfigurationName = Release;
		};
		F79907C926FC0FC1006207E4 /* Build configuration list for PBXNativeTarget "memo" */ = {
			isa = XCConfigurationList;
			buildConfigurations = (
				F79907CA26FC0FC1006207E4 /* Debug */,
				F79907CB26FC0FC1006207E4 /* Release */,
			);
			defaultConfigurationIsVisible = 0;
			defaultConfigurationName = Release;
		};
/* End XCConfigurationList section */

/* Begin XCVersionGroup section */
		F7B0184D26FD5AC7000A64EC /* RxMemo.xcdatamodeld */ = {
			isa = XCVersionGroup;
			children = (
				F7B0184E26FD5AC7000A64EC /* RxMemo.xcdatamodel */,
			);
			currentVersion = F7B0184E26FD5AC7000A64EC /* RxMemo.xcdatamodel */;
			path = RxMemo.xcdatamodeld;
			sourceTree = "<group>";
			versionGroupType = wrapper.xcdatamodel;
		};
/* End XCVersionGroup section */
	};
	rootObject = F79907AD26FC0FC0006207E4 /* Project object */;
}
